<?xml version="1.0" encoding="utf-8"?>
<Project ToolsVersion="4.0" xmlns="http://schemas.microsoft.com/developer/msbuild/2003">
  <ItemGroup>
    <Filter Include="源文件">
      <UniqueIdentifier>{4FC737F1-C7A5-4376-A066-2A32D752A2FF}</UniqueIdentifier>
      <Extensions>cpp;c;cc;cxx;c++;cppm;ixx;def;odl;idl;hpj;bat;asm;asmx</Extensions>
    </Filter>
    <Filter Include="头文件">
      <UniqueIdentifier>{93995380-89BD-4b04-88EB-625FBE52EBFB}</UniqueIdentifier>
      <Extensions>h;hh;hpp;hxx;h++;hm;inl;inc;ipp;xsd</Extensions>
    </Filter>
    <Filter Include="资源文件">
      <UniqueIdentifier>{67DA6AB6-F800-4c08-8B7A-83BB121AAD01}</UniqueIdentifier>
      <Extensions>rc;ico;cur;bmp;dlg;rc2;rct;bin;rgs;gif;jpg;jpeg;jpe;resx;tiff;tif;png;wav;mfcribbon-ms</Extensions>
    </Filter>
  </ItemGroup>
  <ItemGroup>
    <ClInclude Include="src\Yng.h">
      <Filter>头文件</Filter>
    </ClInclude>
    <ClInclude Include="src\Yng\Core\Application.h">
      <Filter>头文件</Filter>
    </ClInclude>
    <ClInclude Include="src\Yng\Core\EntryPoint.h">
      <Filter>头文件</Filter>
    </ClInclude>
    <ClInclude Include="src\Yng\Core\Log.h">
      <Filter>头文件</Filter>
    </ClInclude>
    <ClInclude Include="src\Yng\Events\Event.h">
      <Filter>头文件</Filter>
    </ClInclude>
    <ClInclude Include="src\Yng\Events\KeyEvent.h">
      <Filter>头文件</Filter>
    </ClInclude>
    <ClInclude Include="src\Yng\Events\ApplicationEvent.h">
      <Filter>头文件</Filter>
    </ClInclude>
    <ClInclude Include="vendor\d3d12\d3dx12.h">
      <Filter>头文件</Filter>
    </ClInclude>
    <ClInclude Include="src\Yng\Core\Window.h">
      <Filter>头文件</Filter>
    </ClInclude>
    <ClInclude Include="src\Yng\Windows\WindowsWindow.h">
      <Filter>头文件</Filter>
    </ClInclude>
    <ClInclude Include="src\Yng\Core\CoreMinimal.h">
      <Filter>头文件</Filter>
    </ClInclude>
    <ClInclude Include="src\Yng\D3D12\D3D12Context.h">
      <Filter>头文件</Filter>
    </ClInclude>
    <ClInclude Include="src\Yng\RenderCore\RenderResource.h">
      <Filter>头文件</Filter>
    </ClInclude>
    <ClInclude Include="src\Yng\RenderCore\GraphicCommand.h">
      <Filter>头文件</Filter>
    </ClInclude>
    <ClInclude Include="src\Yng\D3D12\D3D12Resource.h">
      <Filter>头文件</Filter>
    </ClInclude>
    <ClInclude Include="src\Yng\RenderCore\RenderAPI.h">
      <Filter>头文件</Filter>
    </ClInclude>
    <ClInclude Include="src\Yng\Scene\YObject.h">
      <Filter>头文件</Filter>
    </ClInclude>
    <ClInclude Include="src\Yng\Scene\YComponent.h">
      <Filter>头文件</Filter>
    </ClInclude>
  </ItemGroup>
  <ItemGroup>
    <ClCompile Include="src\Yng\Core\Application.cpp">
      <Filter>源文件</Filter>
    </ClCompile>
    <ClCompile Include="src\Yng\Core\Log.cpp">
      <Filter>源文件</Filter>
    </ClCompile>
    <ClCompile Include="src\Yng\Core\Window.cpp">
      <Filter>源文件</Filter>
    </ClCompile>
    <ClCompile Include="src\Yng\Windows\WindowsWindow.cpp">
      <Filter>源文件</Filter>
    </ClCompile>
    <ClCompile Include="src\Yng\RenderCore\RenderAPI.cpp">
      <Filter>源文件</Filter>
    </ClCompile>
    <ClCompile Include="src\Yng\D3D12\D3D12Context.cpp">
      <Filter>源文件</Filter>
    </ClCompile>
    <ClCompile Include="src\Yng\Scene\YObject.cpp">
      <Filter>源文件</Filter>
    </ClCompile>
  </ItemGroup>
</Project>